
Microsoft Visual Studio Solution File, Format Version 12.00
# Visual Studio Version 17
VisualStudioVersion = 17.1.32414.318
MinimumVisualStudioVersion = 10.0.40219.1
Project("{FAE04EC0-301F-11D3-BF4B-00C04F79EFBC}") = "LMSAutoReports", "LMSAutoReports\LMSAutoReports.csproj", "{66E9C8D5-76E8-417A-B95C-B2F70C884DDC}"
EndProject
Global
	GlobalSection(SolutionConfigurationPlatforms) = preSolution
		Debug|Any CPU = Debug|Any CPU
		Release|Any CPU = Release|Any CPU
	EndGlobalSection
	GlobalSection(ProjectConfigurationPlatforms) = postSolution
		{66E9C8D5-76E8-417A-B95C-B2F70C884DDC}.Debug|Any CPU.ActiveCfg = Debug|Any CPU
		{66E9C8D5-76E8-417A-B95C-B2F70C884DDC}.Debug|Any CPU.Build.0 = Debug|Any CPU
		{66E9C8D5-76E8-417A-B95C-B2F70C884DDC}.Release|Any CPU.ActiveCfg = Release|Any CPU
		{66E9C8D5-76E8-417A-B95C-B2F70C884DDC}.Release|Any CPU.Build.0 = Release|Any CPU
	EndGlobalSection
	GlobalSection(SolutionProperties) = preSolution
		HideSolutionNode = FALSE
	EndGlobalSection
	GlobalSection(ExtensibilityGlobals) = postSolution
		SolutionGuid = {146FD97F-2977-42E0-9281-DAAB69D3EEA2}
	EndGlobalSection
EndGlobal
